<?xml version="1.0" encoding="utf-8"?>
<Project ToolsVersion="4.0" xmlns="http://schemas.microsoft.com/developer/msbuild/2003">
  <ItemGroup>
    <Filter Include="Source Files">
      <UniqueIdentifier>{4FC737F1-C7A5-4376-A066-2A32D752A2FF}</UniqueIdentifier>
      <Extensions>cpp;c;cc;cxx;c++;cppm;ixx;def;odl;idl;hpj;bat;asm;asmx</Extensions>
    </Filter>
    <Filter Include="Header Files">
      <UniqueIdentifier>{93995380-89BD-4b04-88EB-625FBE52EBFB}</UniqueIdentifier>
      <Extensions>h;hh;hpp;hxx;h++;hm;inl;inc;ipp;xsd</Extensions>
    </Filter>
    <Filter Include="Resource Files">
      <UniqueIdentifier>{67DA6AB6-F800-4c08-8B7A-83BB121AAD01}</UniqueIdentifier>
      <Extensions>rc;ico;cur;bmp;dlg;rc2;rct;bin;rgs;gif;jpg;jpeg;jpe;resx;tiff;tif;png;wav;mfcribbon-ms</Extensions>
    </Filter>
    <Filter Include="MINHOOK">
      <UniqueIdentifier>{5630138c-a79c-4cbb-b9a5-9b9017d6d1ec}</UniqueIdentifier>
    </Filter>
    <Filter Include="IMGUI">
      <UniqueIdentifier>{ba8a42bc-b87c-4eb0-ae9b-5c22fd8f72dc}</UniqueIdentifier>
    </Filter>
    <Filter Include="SDL">
      <UniqueIdentifier>{e0cd39f0-31c1-4c65-9d5a-1fa5ed1d1e97}</UniqueIdentifier>
    </Filter>
    <Filter Include="Source Files\Features">
      <UniqueIdentifier>{1719af8a-36a8-4828-94cf-31d7eaf30614}</UniqueIdentifier>
    </Filter>
    <Filter Include="Source Files\UI">
      <UniqueIdentifier>{6f4e992f-5388-4a87-831e-594d10b6655b}</UniqueIdentifier>
    </Filter>
  </ItemGroup>
  <ItemGroup>
    <ClCompile Include="dllmain.cpp">
      <Filter>Source Files</Filter>
    </ClCompile>
    <ClCompile Include="MINHOOK\hde32.c">
      <Filter>MINHOOK</Filter>
    </ClCompile>
    <ClCompile Include="MINHOOK\hook.c">
      <Filter>MINHOOK</Filter>
    </ClCompile>
    <ClCompile Include="MINHOOK\buffer.c">
      <Filter>MINHOOK</Filter>
    </ClCompile>
    <ClCompile Include="MINHOOK\trampoline.c">
      <Filter>MINHOOK</Filter>
    </ClCompile>
    <ClCompile Include="IMGUI\imgui_widgets.cpp">
      <Filter>IMGUI</Filter>
    </ClCompile>
    <ClCompile Include="IMGUI\imgui_tables.cpp">
      <Filter>IMGUI</Filter>
    </ClCompile>
    <ClCompile Include="IMGUI\imgui_impl_win32.cpp">
      <Filter>IMGUI</Filter>
    </ClCompile>
    <ClCompile Include="IMGUI\imgui_impl_opengl2.cpp">
      <Filter>IMGUI</Filter>
    </ClCompile>
    <ClCompile Include="IMGUI\imgui_draw.cpp">
      <Filter>IMGUI</Filter>
    </ClCompile>
    <ClCompile Include="IMGUI\imgui_demo.cpp">
      <Filter>IMGUI</Filter>
    </ClCompile>
    <ClCompile Include="IMGUI\imgui.cpp">
      <Filter>IMGUI</Filter>
    </ClCompile>
    <ClCompile Include="HealthFeature.cpp">
      <Filter>Source Files\Features</Filter>
    </ClCompile>
    <ClCompile Include="Feature.h">
      <Filter>Source Files\Features</Filter>
    </ClCompile>
    <ClCompile Include="UIManager.cpp">
      <Filter>Source Files\UI</Filter>
    </ClCompile>
  </ItemGroup>
  <ItemGroup>
    <ClInclude Include="MINHOOK\buffer.h">
      <Filter>MINHOOK</Filter>
    </ClInclude>
    <ClInclude Include="MINHOOK\hde32.h">
      <Filter>MINHOOK</Filter>
    </ClInclude>
    <ClInclude Include="MINHOOK\MinHook.h">
      <Filter>MINHOOK</Filter>
    </ClInclude>
    <ClInclude Include="MINHOOK\trampoline.h">
      <Filter>MINHOOK</Filter>
    </ClInclude>
    <ClInclude Include="IMGUI\imconfig.h">
      <Filter>IMGUI</Filter>
    </ClInclude>
    <ClInclude Include="IMGUI\imgui.h">
      <Filter>IMGUI</Filter>
    </ClInclude>
    <ClInclude Include="IMGUI\imgui_impl_opengl2.h">
      <Filter>IMGUI</Filter>
    </ClInclude>
    <ClInclude Include="IMGUI\imgui_impl_win32.h">
      <Filter>IMGUI</Filter>
    </ClInclude>
    <ClInclude Include="IMGUI\imgui_internal.h">
      <Filter>IMGUI</Filter>
    </ClInclude>
    <ClInclude Include="SDL\SDL_vulkan.h">
      <Filter>SDL</Filter>
    </ClInclude>
    <ClInclude Include="SDL\SDL.h">
      <Filter>SDL</Filter>
    </ClInclude>
    <ClInclude Include="SDL\SDL_assert.h">
      <Filter>SDL</Filter>
    </ClInclude>
    <ClInclude Include="SDL\SDL_atomic.h">
      <Filter>SDL</Filter>
    </ClInclude>
    <ClInclude Include="SDL\SDL_audio.h">
      <Filter>SDL</Filter>
    </ClInclude>
    <ClInclude Include="SDL\SDL_bits.h">
      <Filter>SDL</Filter>
    </ClInclude>
    <ClInclude Include="SDL\SDL_blendmode.h">
      <Filter>SDL</Filter>
    </ClInclude>
    <ClInclude Include="SDL\SDL_clipboard.h">
      <Filter>SDL</Filter>
    </ClInclude>
    <ClInclude Include="SDL\SDL_config.h">
      <Filter>SDL</Filter>
    </ClInclude>
    <ClInclude Include="SDL\SDL_config_macosx.h">
      <Filter>SDL</Filter>
    </ClInclude>
    <ClInclude Include="SDL\SDL_config_windows.h">
      <Filter>SDL</Filter>
    </ClInclude>
    <ClInclude Include="SDL\SDL_copying.h">
      <Filter>SDL</Filter>
    </ClInclude>
    <ClInclude Include="SDL\SDL_cpuinfo.h">
      <Filter>SDL</Filter>
    </ClInclude>
    <ClInclude Include="SDL\SDL_endian.h">
      <Filter>SDL</Filter>
    </ClInclude>
    <ClInclude Include="SDL\SDL_error.h">
      <Filter>SDL</Filter>
    </ClInclude>
    <ClInclude Include="SDL\SDL_events.h">
      <Filter>SDL</Filter>
    </ClInclude>
    <ClInclude Include="SDL\SDL_filesystem.h">
      <Filter>SDL</Filter>
    </ClInclude>
    <ClInclude Include="SDL\SDL_gamecontroller.h">
      <Filter>SDL</Filter>
    </ClInclude>
    <ClInclude Include="SDL\SDL_gesture.h">
      <Filter>SDL</Filter>
    </ClInclude>
    <ClInclude Include="SDL\SDL_haptic.h">
      <Filter>SDL</Filter>
    </ClInclude>
    <ClInclude Include="SDL\SDL_hints.h">
      <Filter>SDL</Filter>
    </ClInclude>
    <ClInclude Include="SDL\SDL_image.h">
      <Filter>SDL</Filter>
    </ClInclude>
    <ClInclude Include="SDL\SDL_joystick.h">
      <Filter>SDL</Filter>
    </ClInclude>
    <ClInclude Include="SDL\SDL_keyboard.h">
      <Filter>SDL</Filter>
    </ClInclude>
    <ClInclude Include="SDL\SDL_keycode.h">
      <Filter>SDL</Filter>
    </ClInclude>
    <ClInclude Include="SDL\SDL_loadso.h">
      <Filter>SDL</Filter>
    </ClInclude>
    <ClInclude Include="SDL\SDL_locale.h">
      <Filter>SDL</Filter>
    </ClInclude>
    <ClInclude Include="SDL\SDL_log.h">
      <Filter>SDL</Filter>
    </ClInclude>
    <ClInclude Include="SDL\SDL_main.h">
      <Filter>SDL</Filter>
    </ClInclude>
    <ClInclude Include="SDL\SDL_messagebox.h">
      <Filter>SDL</Filter>
    </ClInclude>
    <ClInclude Include="SDL\SDL_metal.h">
      <Filter>SDL</Filter>
    </ClInclude>
    <ClInclude Include="SDL\SDL_misc.h">
      <Filter>SDL</Filter>
    </ClInclude>
    <ClInclude Include="SDL\SDL_mouse.h">
      <Filter>SDL</Filter>
    </ClInclude>
    <ClInclude Include="SDL\SDL_mutex.h">
      <Filter>SDL</Filter>
    </ClInclude>
    <ClInclude Include="SDL\SDL_name.h">
      <Filter>SDL</Filter>
    </ClInclude>
    <ClInclude Include="SDL\SDL_opengl.h">
      <Filter>SDL</Filter>
    </ClInclude>
    <ClInclude Include="SDL\SDL_opengl_glext.h">
      <Filter>SDL</Filter>
    </ClInclude>
    <ClInclude Include="SDL\SDL_pixels.h">
      <Filter>SDL</Filter>
    </ClInclude>
    <ClInclude Include="SDL\SDL_platform.h">
      <Filter>SDL</Filter>
    </ClInclude>
    <ClInclude Include="SDL\SDL_power.h">
      <Filter>SDL</Filter>
    </ClInclude>
    <ClInclude Include="SDL\SDL_quit.h">
      <Filter>SDL</Filter>
    </ClInclude>
    <ClInclude Include="SDL\SDL_rect.h">
      <Filter>SDL</Filter>
    </ClInclude>
    <ClInclude Include="SDL\SDL_render.h">
      <Filter>SDL</Filter>
    </ClInclude>
    <ClInclude Include="SDL\SDL_revision.h">
      <Filter>SDL</Filter>
    </ClInclude>
    <ClInclude Include="SDL\SDL_rwops.h">
      <Filter>SDL</Filter>
    </ClInclude>
    <ClInclude Include="SDL\SDL_scancode.h">
      <Filter>SDL</Filter>
    </ClInclude>
    <ClInclude Include="SDL\SDL_sensor.h">
      <Filter>SDL</Filter>
    </ClInclude>
    <ClInclude Include="SDL\SDL_shape.h">
      <Filter>SDL</Filter>
    </ClInclude>
    <ClInclude Include="SDL\SDL_stdinc.h">
      <Filter>SDL</Filter>
    </ClInclude>
    <ClInclude Include="SDL\SDL_surface.h">
      <Filter>SDL</Filter>
    </ClInclude>
    <ClInclude Include="SDL\SDL_system.h">
      <Filter>SDL</Filter>
    </ClInclude>
    <ClInclude Include="SDL\SDL_syswm.h">
      <Filter>SDL</Filter>
    </ClInclude>
    <ClInclude Include="SDL\SDL_thread.h">
      <Filter>SDL</Filter>
    </ClInclude>
    <ClInclude Include="SDL\SDL_timer.h">
      <Filter>SDL</Filter>
    </ClInclude>
    <ClInclude Include="SDL\SDL_touch.h">
      <Filter>SDL</Filter>
    </ClInclude>
    <ClInclude Include="SDL\SDL_types.h">
      <Filter>SDL</Filter>
    </ClInclude>
    <ClInclude Include="SDL\SDL_version.h">
      <Filter>SDL</Filter>
    </ClInclude>
    <ClInclude Include="SDL\SDL_video.h">
      <Filter>SDL</Filter>
    </ClInclude>
    <ClInclude Include="MINHOOK\table32.h">
      <Filter>MINHOOK</Filter>
    </ClInclude>
    <ClInclude Include="MINHOOK\pstdint.h">
      <Filter>MINHOOK</Filter>
    </ClInclude>
    <ClInclude Include="IMGUI\imstb_truetype.h">
      <Filter>IMGUI</Filter>
    </ClInclude>
    <ClInclude Include="IMGUI\imstb_textedit.h">
      <Filter>IMGUI</Filter>
    </ClInclude>
    <ClInclude Include="IMGUI\imstb_rectpack.h">
      <Filter>IMGUI</Filter>
    </ClInclude>
    <ClInclude Include="SDL\begin_code.h">
      <Filter>SDL</Filter>
    </ClInclude>
    <ClInclude Include="UIManager.h">
      <Filter>Source Files\UI</Filter>
    </ClInclude>
    <ClInclude Include="HealthFeature.h">
      <Filter>Source Files\Features</Filter>
    </ClInclude>
  </ItemGroup>
</Project>